{
  "name": "ranibet-final",
  "lockfileVersion": 3,
  "requires": true,
  "packages": {
    "": {
      "name": "ranibet-final",
      "dependencies": {
        "@vercel/analytics": "^2.0.1",
        "@vercel/functions": "^3.2.0"
      }
    },
    "node_modules/@vercel/analytics": {
      "version": "2.0.1",
      "resolved": "https://registry.npmjs.org/@vercel/analytics/-/analytics-2.0.1.tgz",
      "integrity": "sha512-MTQG6V9qQrt1tsDeF+2Uoo5aPjqbVPys1xvnIftXSJYG2SrwXRHnqEvVoYID7BTruDz4lCd2Z7rM1BdkUehk2g==",
      "peerDependencies": {
        "@remix-run/react": "^2",
        "@sveltejs/kit": "^1 || ^2",
        "next": ">= 13",
        "nuxt": ">= 3",
        "react": "^18 || ^19 || ^19.0.0-rc",
        "svelte": ">= 4",
        "vue": "^3",
        "vue-router": "^4"
      },
      "peerDependenciesMeta": {
        "@remix-run/react": {
          "optional": true
        },
        "@sveltejs/kit": {
          "optional": true
        },
        "next": {
          "optional": true
        },
        "nuxt": {
          "optional": true
        },
        "react": {
          "optional": true
        },
        "svelte": {
          "optional": true
        },
        "vue": {
          "optional": true
        },
        "vue-router": {
          "optional": true
        }
      }
    },
    "node_modules/@vercel/functions": {
      "version": "3.5.0",
      "resolved": "https://registry.npmjs.org/@vercel/functions/-/functions-3.5.0.tgz",
      "integrity": "sha512-+RokZ+4gkYyOsKBuJ29cQ8iSZG123LLJbZfPry20kkTgrN9U0277La4feP4DnWVo3sGoYa4plCEKY9XKUYoX9g==",
      "dependencies": {
        "@vercel/oidc": "3.4.0"
      },
      "engines": {
        "node": ">= 20"
      },
      "peerDependencies": {
        "@aws-sdk/credential-provider-web-identity": "*"
      },
      "peerDependenciesMeta": {
        "@aws-sdk/credential-provider-web-identity": {
          "optional": true
        }
      }
    },
    "node_modules/@vercel/oidc": {
      "version": "3.4.0",
      "resolved": "https://registry.npmjs.org/@vercel/oidc/-/oidc-3.4.0.tgz",
      "integrity": "sha512-p0sKfHkfRmMaqqDwNL4tjnX9TgRrLMlEtUjIxfrEns8pOxz1R9ztqOVI+ehqiq93/2/HnfPe/UBZkfAZwnx0UA==",
      "engines": {
        "node": ">= 20"
      }
    }
  }
}
